{
  "version": 1,
  "dependencies": {
    "net10.0": {
      "Microsoft.AspNetCore.App.Internal.Assets": {
        "type": "Direct",
        "requested": "[10.0.2, )",
        "resolved": "10.0.2",
        "contentHash": "fMAqrUm+aspxRAsCJ6Hlgs96XSHwNIr9HBNt7wyBAzQkPlfE7w+0C4NzDoJnso5YZyDI0VcRtEXxG9odt3KiZA=="
      },
      "truweathercore": {
        "type": "Project"
      }
    }
  }
}